
Microsoft Visual Studio Solution File, Format Version 12.00
# Visual Studio Express 2012 for Windows Desktop
Project("{FAE04EC0-301F-11D3-BF4B-00C04F79EFBC}") = "Rotate3D", "Rotate3D\Rotate3D.csproj", "{F231C8AA-5769-4C27-B0D2-F7E37C06F3AD}"
EndProject
Global
	GlobalSection(SolutionConfigurationPlatforms) = preSolution
		Debug|Any CPU = Debug|Any CPU
		Release|Any CPU = Release|Any CPU
	EndGlobalSection
	GlobalSection(ProjectConfigurationPlatforms) = postSolution
		{F231C8AA-5769-4C27-B0D2-F7E37C06F3AD}.Debug|Any CPU.ActiveCfg = Debug|Any CPU
		{F231C8AA-5769-4C27-B0D2-F7E37C06F3AD}.Debug|Any CPU.Build.0 = Debug|Any CPU
		{F231C8AA-5769-4C27-B0D2-F7E37C06F3AD}.Release|Any CPU.ActiveCfg = Release|Any CPU
		{F231C8AA-5769-4C27-B0D2-F7E37C06F3AD}.Release|Any CPU.Build.0 = Release|Any CPU
	EndGlobalSection
	GlobalSection(SolutionProperties) = preSolution
		HideSolutionNode = FALSE
	EndGlobalSection
EndGlobal
